
Microsoft Visual Studio Solution File, Format Version 10.00
# Visual Studio 2008
Project("{FAE04EC0-301F-11D3-BF4B-00C04F79EFBC}") = "Sample", "Open311Sample\Sample.csproj", "{8CD80DC5-6CED-47FE-9351-3910179FA699}"
EndProject
Project("{FAE04EC0-301F-11D3-BF4B-00C04F79EFBC}") = "Open311API", "Open311API\Open311API.csproj", "{1B7BF9D2-6055-4982-8AAC-F1A38FC713B2}"
EndProject
Global
	GlobalSection(SolutionConfigurationPlatforms) = preSolution
		Debug|x86 = Debug|x86
		Release|x86 = Release|x86
	EndGlobalSection
	GlobalSection(ProjectConfigurationPlatforms) = postSolution
		{1B7BF9D2-6055-4982-8AAC-F1A38FC713B2}.Debug|x86.ActiveCfg = Debug|Any CPU
		{1B7BF9D2-6055-4982-8AAC-F1A38FC713B2}.Debug|x86.Build.0 = Debug|Any CPU
		{1B7BF9D2-6055-4982-8AAC-F1A38FC713B2}.Release|x86.ActiveCfg = Release|Any CPU
		{1B7BF9D2-6055-4982-8AAC-F1A38FC713B2}.Release|x86.Build.0 = Release|Any CPU
		{8CD80DC5-6CED-47FE-9351-3910179FA699}.Debug|x86.ActiveCfg = Debug|x86
		{8CD80DC5-6CED-47FE-9351-3910179FA699}.Debug|x86.Build.0 = Debug|x86
		{8CD80DC5-6CED-47FE-9351-3910179FA699}.Release|x86.ActiveCfg = Release|x86
		{8CD80DC5-6CED-47FE-9351-3910179FA699}.Release|x86.Build.0 = Release|x86
	EndGlobalSection
	GlobalSection(MonoDevelopProperties) = preSolution
		StartupItem = Open311Sample\Sample.csproj
		description = A C# class library for interacting with the Open311 API V2.
		version = 1.00
	EndGlobalSection
EndGlobal
